{
    "_readme": [
        "This file locks the dependencies of your project to a known state",
        "Read more about it at https://getcomposer.org/doc/01-basic-usage.md#installing-dependencies",
        "This file is @generated automatically"
    ],
    "content-hash": "eb73a2a110bc3c7fc25dd2b2e7e6c7ea",
    "packages": [
        {
            "name": "tinymce/tinymce",
            "version": "5.10.7",
            "source": {
                "type": "git",
                "url": "https://github.com/tinymce/tinymce-dist.git",
                "reference": "f078d8eb7de81f20d34b2ae4326870d20e22d4ff"
            },
            "dist": {
                "type": "zip",
                "url": "https://api.github.com/repos/tinymce/tinymce-dist/zipball/f078d8eb7de81f20d34b2ae4326870d20e22d4ff",
                "reference": "f078d8eb7de81f20d34b2ae4326870d20e22d4ff",
                "shasum": ""
            },
            "type": "component",
            "extra": {
                "component": {
                    "scripts": [
                        "tinymce.js",
                        "plugins/*/plugin.js",
                        "themes/*/theme.js",
                        "themes/*/icons.js"
                    ],
                    "files": [
                        "tinymce.min.js",
                        "plugins/*/plugin.min.js",
                        "themes/*/theme.min.js",
                        "skins/**",
                        "icons/*/icons.min.js"
                    ]
                }
            },
            "notification-url": "https://packagist.org/downloads/",
            "license": [
                "LGPL-2.1-only"
            ],
            "description": "Web based JavaScript HTML WYSIWYG editor control.",
            "homepage": "https://www.tiny.cloud/",
            "keywords": [
                "contenteditable",
                "editing",
                "html",
                "javascript",
                "rich editor",
                "rich text",
                "rich text editor",
                "richtext",
                "rte",
                "text",
                "tinymce",
                "wysiwyg"
            ],
            "support": {
                "source": "https://github.com/tinymce/tinymce-dist/tree/5.10.7"
            },
            "time": "2022-12-07T03:50:54+00:00"
        }
    ],
    "packages-dev": [],
    "aliases": [],
    "minimum-stability": "stable",
    "stability-flags": [],
    "prefer-stable": false,
    "prefer-lowest": false,
    "platform": [],
    "platform-dev": [],
    "plugin-api-version": "2.3.0"
}
